
Microsoft Visual Studio Solution File, Format Version 12.00
# Visual Studio Version 16
VisualStudioVersion = 16.0.32428.217
MinimumVisualStudioVersion = 10.0.40219.1
Project("{FAE04EC0-301F-11D3-BF4B-00C04F79EFBC}") = "Generics_Assignment", "Generics_Assignment\Generics_Assignment.csproj", "{CEAA0F80-949B-46BB-809A-262D402A37F1}"
EndProject
Global
	GlobalSection(SolutionConfigurationPlatforms) = preSolution
		Debug|Any CPU = Debug|Any CPU
		Release|Any CPU = Release|Any CPU
	EndGlobalSection
	GlobalSection(ProjectConfigurationPlatforms) = postSolution
		{CEAA0F80-949B-46BB-809A-262D402A37F1}.Debug|Any CPU.ActiveCfg = Debug|Any CPU
		{CEAA0F80-949B-46BB-809A-262D402A37F1}.Debug|Any CPU.Build.0 = Debug|Any CPU
		{CEAA0F80-949B-46BB-809A-262D402A37F1}.Release|Any CPU.ActiveCfg = Release|Any CPU
		{CEAA0F80-949B-46BB-809A-262D402A37F1}.Release|Any CPU.Build.0 = Release|Any CPU
	EndGlobalSection
	GlobalSection(SolutionProperties) = preSolution
		HideSolutionNode = FALSE
	EndGlobalSection
	GlobalSection(ExtensibilityGlobals) = postSolution
		SolutionGuid = {F5149431-8DFB-4477-814A-15CF98E860B6}
	EndGlobalSection
EndGlobal
