
Microsoft Visual Studio Solution File, Format Version 12.00
# Visual Studio Version 16
VisualStudioVersion = 16.0.32428.217
MinimumVisualStudioVersion = 10.0.40219.1
Project("{FAE04EC0-301F-11D3-BF4B-00C04F79EFBC}") = "Sandbox ART", "Sandbox ART\Sandbox ART.csproj", "{B6592B7E-BDED-485E-A4DB-61F837AFB5FF}"
EndProject
Global
	GlobalSection(SolutionConfigurationPlatforms) = preSolution
		Debug|Any CPU = Debug|Any CPU
		Release|Any CPU = Release|Any CPU
	EndGlobalSection
	GlobalSection(ProjectConfigurationPlatforms) = postSolution
		{B6592B7E-BDED-485E-A4DB-61F837AFB5FF}.Debug|Any CPU.ActiveCfg = Debug|Any CPU
		{B6592B7E-BDED-485E-A4DB-61F837AFB5FF}.Debug|Any CPU.Build.0 = Debug|Any CPU
		{B6592B7E-BDED-485E-A4DB-61F837AFB5FF}.Release|Any CPU.ActiveCfg = Release|Any CPU
		{B6592B7E-BDED-485E-A4DB-61F837AFB5FF}.Release|Any CPU.Build.0 = Release|Any CPU
	EndGlobalSection
	GlobalSection(SolutionProperties) = preSolution
		HideSolutionNode = FALSE
	EndGlobalSection
	GlobalSection(ExtensibilityGlobals) = postSolution
		SolutionGuid = {B53C0E4D-6FCD-4056-AB5E-FFA5E3FA51BE}
	EndGlobalSection
EndGlobal
