
Microsoft Visual Studio Solution File, Format Version 12.00
# Visual Studio Version 16
VisualStudioVersion = 16.0.32428.217
MinimumVisualStudioVersion = 10.0.40219.1
Project("{FAE04EC0-301F-11D3-BF4B-00C04F79EFBC}") = "Inheritance_Assignment", "Inheritance_Assignment\Inheritance_Assignment.csproj", "{21F2CEA1-538C-4E3B-AE58-643B3A2C0627}"
EndProject
Global
	GlobalSection(SolutionConfigurationPlatforms) = preSolution
		Debug|Any CPU = Debug|Any CPU
		Release|Any CPU = Release|Any CPU
	EndGlobalSection
	GlobalSection(ProjectConfigurationPlatforms) = postSolution
		{21F2CEA1-538C-4E3B-AE58-643B3A2C0627}.Debug|Any CPU.ActiveCfg = Debug|Any CPU
		{21F2CEA1-538C-4E3B-AE58-643B3A2C0627}.Debug|Any CPU.Build.0 = Debug|Any CPU
		{21F2CEA1-538C-4E3B-AE58-643B3A2C0627}.Release|Any CPU.ActiveCfg = Release|Any CPU
		{21F2CEA1-538C-4E3B-AE58-643B3A2C0627}.Release|Any CPU.Build.0 = Release|Any CPU
	EndGlobalSection
	GlobalSection(SolutionProperties) = preSolution
		HideSolutionNode = FALSE
	EndGlobalSection
	GlobalSection(ExtensibilityGlobals) = postSolution
		SolutionGuid = {4925BE69-AA8E-4EAC-81EB-281D14271B43}
	EndGlobalSection
EndGlobal
