
Microsoft Visual Studio Solution File, Format Version 12.00
# Visual Studio Version 16
VisualStudioVersion = 16.0.32428.217
MinimumVisualStudioVersion = 10.0.40219.1
Project("{FAE04EC0-301F-11D3-BF4B-00C04F79EFBC}") = "BooleanLogicAssignment", "BooleanLogicAssignment\BooleanLogicAssignment.csproj", "{7088BAF5-B6C3-4A0B-9292-112C33C92202}"
EndProject
Global
	GlobalSection(SolutionConfigurationPlatforms) = preSolution
		Debug|Any CPU = Debug|Any CPU
		Release|Any CPU = Release|Any CPU
	EndGlobalSection
	GlobalSection(ProjectConfigurationPlatforms) = postSolution
		{7088BAF5-B6C3-4A0B-9292-112C33C92202}.Debug|Any CPU.ActiveCfg = Debug|Any CPU
		{7088BAF5-B6C3-4A0B-9292-112C33C92202}.Debug|Any CPU.Build.0 = Debug|Any CPU
		{7088BAF5-B6C3-4A0B-9292-112C33C92202}.Release|Any CPU.ActiveCfg = Release|Any CPU
		{7088BAF5-B6C3-4A0B-9292-112C33C92202}.Release|Any CPU.Build.0 = Release|Any CPU
	EndGlobalSection
	GlobalSection(SolutionProperties) = preSolution
		HideSolutionNode = FALSE
	EndGlobalSection
	GlobalSection(ExtensibilityGlobals) = postSolution
		SolutionGuid = {2A06B7D0-A9DC-4CBC-814E-5C41C069F526}
	EndGlobalSection
EndGlobal
