
Microsoft Visual Studio Solution File, Format Version 12.00
# Visual Studio Version 16
VisualStudioVersion = 16.0.32428.217
MinimumVisualStudioVersion = 10.0.40219.1
Project("{FAE04EC0-301F-11D3-BF4B-00C04F79EFBC}") = "Acme_Account_Systems", "Acme_Account_Systems\Acme_Account_Systems.csproj", "{C575E389-9E52-4336-8154-9F52335CBC25}"
EndProject
Global
	GlobalSection(SolutionConfigurationPlatforms) = preSolution
		Debug|Any CPU = Debug|Any CPU
		Release|Any CPU = Release|Any CPU
	EndGlobalSection
	GlobalSection(ProjectConfigurationPlatforms) = postSolution
		{C575E389-9E52-4336-8154-9F52335CBC25}.Debug|Any CPU.ActiveCfg = Debug|Any CPU
		{C575E389-9E52-4336-8154-9F52335CBC25}.Debug|Any CPU.Build.0 = Debug|Any CPU
		{C575E389-9E52-4336-8154-9F52335CBC25}.Release|Any CPU.ActiveCfg = Release|Any CPU
		{C575E389-9E52-4336-8154-9F52335CBC25}.Release|Any CPU.Build.0 = Release|Any CPU
	EndGlobalSection
	GlobalSection(SolutionProperties) = preSolution
		HideSolutionNode = FALSE
	EndGlobalSection
	GlobalSection(ExtensibilityGlobals) = postSolution
		SolutionGuid = {CA39DD40-6162-49B0-9FF7-2B05295F6B2C}
	EndGlobalSection
EndGlobal
