
Microsoft Visual Studio Solution File, Format Version 12.00
# Visual Studio Version 16
VisualStudioVersion = 16.0.32428.217
MinimumVisualStudioVersion = 10.0.40219.1
Project("{FAE04EC0-301F-11D3-BF4B-00C04F79EFBC}") = "Exception_Assignment", "Exception_Assignment\Exception_Assignment.csproj", "{3DD012B8-20BC-489C-9411-D49BD7A9205E}"
EndProject
Global
	GlobalSection(SolutionConfigurationPlatforms) = preSolution
		Debug|Any CPU = Debug|Any CPU
		Release|Any CPU = Release|Any CPU
	EndGlobalSection
	GlobalSection(ProjectConfigurationPlatforms) = postSolution
		{3DD012B8-20BC-489C-9411-D49BD7A9205E}.Debug|Any CPU.ActiveCfg = Debug|Any CPU
		{3DD012B8-20BC-489C-9411-D49BD7A9205E}.Debug|Any CPU.Build.0 = Debug|Any CPU
		{3DD012B8-20BC-489C-9411-D49BD7A9205E}.Release|Any CPU.ActiveCfg = Release|Any CPU
		{3DD012B8-20BC-489C-9411-D49BD7A9205E}.Release|Any CPU.Build.0 = Release|Any CPU
	EndGlobalSection
	GlobalSection(SolutionProperties) = preSolution
		HideSolutionNode = FALSE
	EndGlobalSection
	GlobalSection(ExtensibilityGlobals) = postSolution
		SolutionGuid = {7215C019-DD85-4043-BF40-38472F7F5A5F}
	EndGlobalSection
EndGlobal
