
Microsoft Visual Studio Solution File, Format Version 12.00
# Visual Studio Version 16
VisualStudioVersion = 16.0.32428.217
MinimumVisualStudioVersion = 10.0.40219.1
Project("{FAE04EC0-301F-11D3-BF4B-00C04F79EFBC}") = "TwentyOne_or_BlackJack", "TwentyOne_or_BlackJack\TwentyOne_or_BlackJack.csproj", "{148C4D72-8C47-4488-981B-BD92CC65BD36}"
EndProject
Project("{FAE04EC0-301F-11D3-BF4B-00C04F79EFBC}") = "Casino", "Casino\Casino.csproj", "{DF69F542-9C7C-428C-95B9-BCB301A35A1F}"
EndProject
Global
	GlobalSection(SolutionConfigurationPlatforms) = preSolution
		Debug|Any CPU = Debug|Any CPU
		Release|Any CPU = Release|Any CPU
	EndGlobalSection
	GlobalSection(ProjectConfigurationPlatforms) = postSolution
		{148C4D72-8C47-4488-981B-BD92CC65BD36}.Debug|Any CPU.ActiveCfg = Debug|Any CPU
		{148C4D72-8C47-4488-981B-BD92CC65BD36}.Debug|Any CPU.Build.0 = Debug|Any CPU
		{148C4D72-8C47-4488-981B-BD92CC65BD36}.Release|Any CPU.ActiveCfg = Release|Any CPU
		{148C4D72-8C47-4488-981B-BD92CC65BD36}.Release|Any CPU.Build.0 = Release|Any CPU
		{DF69F542-9C7C-428C-95B9-BCB301A35A1F}.Debug|Any CPU.ActiveCfg = Debug|Any CPU
		{DF69F542-9C7C-428C-95B9-BCB301A35A1F}.Debug|Any CPU.Build.0 = Debug|Any CPU
		{DF69F542-9C7C-428C-95B9-BCB301A35A1F}.Release|Any CPU.ActiveCfg = Release|Any CPU
		{DF69F542-9C7C-428C-95B9-BCB301A35A1F}.Release|Any CPU.Build.0 = Release|Any CPU
	EndGlobalSection
	GlobalSection(SolutionProperties) = preSolution
		HideSolutionNode = FALSE
	EndGlobalSection
	GlobalSection(ExtensibilityGlobals) = postSolution
		SolutionGuid = {A60CB88D-59B7-412F-AE98-EFE96005076F}
	EndGlobalSection
EndGlobal
