
Microsoft Visual Studio Solution File, Format Version 12.00
# Visual Studio Version 16
VisualStudioVersion = 16.0.32428.217
MinimumVisualStudioVersion = 10.0.40219.1
Project("{FAE04EC0-301F-11D3-BF4B-00C04F79EFBC}") = "Enums_Assignment", "Enums_Assignment\Enums_Assignment.csproj", "{D5DA333D-D33F-4921-974C-1583B99FBC48}"
EndProject
Global
	GlobalSection(SolutionConfigurationPlatforms) = preSolution
		Debug|Any CPU = Debug|Any CPU
		Release|Any CPU = Release|Any CPU
	EndGlobalSection
	GlobalSection(ProjectConfigurationPlatforms) = postSolution
		{D5DA333D-D33F-4921-974C-1583B99FBC48}.Debug|Any CPU.ActiveCfg = Debug|Any CPU
		{D5DA333D-D33F-4921-974C-1583B99FBC48}.Debug|Any CPU.Build.0 = Debug|Any CPU
		{D5DA333D-D33F-4921-974C-1583B99FBC48}.Release|Any CPU.ActiveCfg = Release|Any CPU
		{D5DA333D-D33F-4921-974C-1583B99FBC48}.Release|Any CPU.Build.0 = Release|Any CPU
	EndGlobalSection
	GlobalSection(SolutionProperties) = preSolution
		HideSolutionNode = FALSE
	EndGlobalSection
	GlobalSection(ExtensibilityGlobals) = postSolution
		SolutionGuid = {A3DD0CEC-7F12-4349-A174-B300B88E8AB9}
	EndGlobalSection
EndGlobal
