
Microsoft Visual Studio Solution File, Format Version 12.00
# Visual Studio Version 16
VisualStudioVersion = 16.0.32428.217
MinimumVisualStudioVersion = 10.0.40219.1
Project("{FAE04EC0-301F-11D3-BF4B-00C04F79EFBC}") = "Operator_Overloading_Assignment", "Operator_Overloading_Assignment\Operator_Overloading_Assignment.csproj", "{B68D5B0C-B6BF-46F9-B3A1-EECB87C79AD3}"
EndProject
Global
	GlobalSection(SolutionConfigurationPlatforms) = preSolution
		Debug|Any CPU = Debug|Any CPU
		Release|Any CPU = Release|Any CPU
	EndGlobalSection
	GlobalSection(ProjectConfigurationPlatforms) = postSolution
		{B68D5B0C-B6BF-46F9-B3A1-EECB87C79AD3}.Debug|Any CPU.ActiveCfg = Debug|Any CPU
		{B68D5B0C-B6BF-46F9-B3A1-EECB87C79AD3}.Debug|Any CPU.Build.0 = Debug|Any CPU
		{B68D5B0C-B6BF-46F9-B3A1-EECB87C79AD3}.Release|Any CPU.ActiveCfg = Release|Any CPU
		{B68D5B0C-B6BF-46F9-B3A1-EECB87C79AD3}.Release|Any CPU.Build.0 = Release|Any CPU
	EndGlobalSection
	GlobalSection(SolutionProperties) = preSolution
		HideSolutionNode = FALSE
	EndGlobalSection
	GlobalSection(ExtensibilityGlobals) = postSolution
		SolutionGuid = {0B3EE384-1F61-407F-8BEC-A37EDAE0A0C4}
	EndGlobalSection
EndGlobal
