
Microsoft Visual Studio Solution File, Format Version 12.00
# Visual Studio Version 16
VisualStudioVersion = 16.0.32428.217
MinimumVisualStudioVersion = 10.0.40219.1
Project("{FAE04EC0-301F-11D3-BF4B-00C04F79EFBC}") = "MyFirstAzureWebApp", "MyFirstAzureWebApp\MyFirstAzureWebApp.csproj", "{974D1B80-5EF9-4CC9-A708-F6BAA973DDF0}"
EndProject
Global
	GlobalSection(SolutionConfigurationPlatforms) = preSolution
		Debug|Any CPU = Debug|Any CPU
		Release|Any CPU = Release|Any CPU
	EndGlobalSection
	GlobalSection(ProjectConfigurationPlatforms) = postSolution
		{974D1B80-5EF9-4CC9-A708-F6BAA973DDF0}.Debug|Any CPU.ActiveCfg = Debug|Any CPU
		{974D1B80-5EF9-4CC9-A708-F6BAA973DDF0}.Debug|Any CPU.Build.0 = Debug|Any CPU
		{974D1B80-5EF9-4CC9-A708-F6BAA973DDF0}.Release|Any CPU.ActiveCfg = Release|Any CPU
		{974D1B80-5EF9-4CC9-A708-F6BAA973DDF0}.Release|Any CPU.Build.0 = Release|Any CPU
	EndGlobalSection
	GlobalSection(SolutionProperties) = preSolution
		HideSolutionNode = FALSE
	EndGlobalSection
	GlobalSection(ExtensibilityGlobals) = postSolution
		SolutionGuid = {25B17F6C-0C1B-47A5-86C3-E8B7F6E7EFC8}
	EndGlobalSection
EndGlobal
