
Microsoft Visual Studio Solution File, Format Version 12.00
# Visual Studio Version 16
VisualStudioVersion = 16.0.32428.217
MinimumVisualStudioVersion = 10.0.40219.1
Project("{FAE04EC0-301F-11D3-BF4B-00C04F79EFBC}") = "ConsoleApp_Assignment1to6", "ConsoleApp_Assignment1to6\ConsoleApp_Assignment1to6.csproj", "{C8B2FD12-75F2-4AB5-9D21-305B318142D0}"
EndProject
Global
	GlobalSection(SolutionConfigurationPlatforms) = preSolution
		Debug|Any CPU = Debug|Any CPU
		Release|Any CPU = Release|Any CPU
	EndGlobalSection
	GlobalSection(ProjectConfigurationPlatforms) = postSolution
		{C8B2FD12-75F2-4AB5-9D21-305B318142D0}.Debug|Any CPU.ActiveCfg = Debug|Any CPU
		{C8B2FD12-75F2-4AB5-9D21-305B318142D0}.Debug|Any CPU.Build.0 = Debug|Any CPU
		{C8B2FD12-75F2-4AB5-9D21-305B318142D0}.Release|Any CPU.ActiveCfg = Release|Any CPU
		{C8B2FD12-75F2-4AB5-9D21-305B318142D0}.Release|Any CPU.Build.0 = Release|Any CPU
	EndGlobalSection
	GlobalSection(SolutionProperties) = preSolution
		HideSolutionNode = FALSE
	EndGlobalSection
	GlobalSection(ExtensibilityGlobals) = postSolution
		SolutionGuid = {377BB8BD-1905-4FC0-BDB9-A0D85FDC01C0}
	EndGlobalSection
EndGlobal
